
Microsoft Visual Studio Solution File, Format Version 12.00
# Visual Studio 2012
Project("{FAE04EC0-301F-11D3-BF4B-00C04F79EFBC}") = "Filesplittr", "Filesplittr\Filesplittr.csproj", "{AE92ABD0-5DC3-4E19-AB4C-BD0E8274311F}"
EndProject
Global
	GlobalSection(SolutionConfigurationPlatforms) = preSolution
		Debug|Any CPU = Debug|Any CPU
		Release|Any CPU = Release|Any CPU
	EndGlobalSection
	GlobalSection(ProjectConfigurationPlatforms) = postSolution
		{AE92ABD0-5DC3-4E19-AB4C-BD0E8274311F}.Debug|Any CPU.ActiveCfg = Debug|Any CPU
		{AE92ABD0-5DC3-4E19-AB4C-BD0E8274311F}.Debug|Any CPU.Build.0 = Debug|Any CPU
		{AE92ABD0-5DC3-4E19-AB4C-BD0E8274311F}.Release|Any CPU.ActiveCfg = Release|Any CPU
		{AE92ABD0-5DC3-4E19-AB4C-BD0E8274311F}.Release|Any CPU.Build.0 = Release|Any CPU
	EndGlobalSection
	GlobalSection(SolutionProperties) = preSolution
		HideSolutionNode = FALSE
	EndGlobalSection
EndGlobal
